
Microsoft Visual Studio Solution File, Format Version 12.00
# Visual Studio 15
Project("{FAE04EC0-301F-11D3-BF4B-00C04F79EFBC}") = "core-api", "core-api.csproj", "{167E9804-4D4E-49B4-A164-AC09D4F4AFC9}"
EndProject
Global
	GlobalSection(SolutionConfigurationPlatforms) = preSolution
		Debug|Any CPU = Debug|Any CPU
		Release|Any CPU = Release|Any CPU
	EndGlobalSection
	GlobalSection(ProjectConfigurationPlatforms) = postSolution
		{167E9804-4D4E-49B4-A164-AC09D4F4AFC9}.Debug|Any CPU.ActiveCfg = Debug|Any CPU
		{167E9804-4D4E-49B4-A164-AC09D4F4AFC9}.Debug|Any CPU.Build.0 = Debug|Any CPU
		{167E9804-4D4E-49B4-A164-AC09D4F4AFC9}.Release|Any CPU.ActiveCfg = Release|Any CPU
		{167E9804-4D4E-49B4-A164-AC09D4F4AFC9}.Release|Any CPU.Build.0 = Release|Any CPU
	EndGlobalSection
EndGlobal
